
Microsoft Visual Studio Solution File, Format Version 12.00
# Visual Studio Version 16
VisualStudioVersion = 16.0.34601.136
MinimumVisualStudioVersion = 10.0.40219.1
Project("{FAE04EC0-301F-11D3-BF4B-00C04F79EFBC}") = "SalesWebMvc", "SalesWebMvc\SalesWebMvc.csproj", "{2094CE90-936A-441D-B135-680053A16A4A}"
EndProject
Global
	GlobalSection(SolutionConfigurationPlatforms) = preSolution
		Debug|Any CPU = Debug|Any CPU
		Release|Any CPU = Release|Any CPU
	EndGlobalSection
	GlobalSection(ProjectConfigurationPlatforms) = postSolution
		{2094CE90-936A-441D-B135-680053A16A4A}.Debug|Any CPU.ActiveCfg = Debug|Any CPU
		{2094CE90-936A-441D-B135-680053A16A4A}.Debug|Any CPU.Build.0 = Debug|Any CPU
		{2094CE90-936A-441D-B135-680053A16A4A}.Release|Any CPU.ActiveCfg = Release|Any CPU
		{2094CE90-936A-441D-B135-680053A16A4A}.Release|Any CPU.Build.0 = Release|Any CPU
	EndGlobalSection
	GlobalSection(SolutionProperties) = preSolution
		HideSolutionNode = FALSE
	EndGlobalSection
	GlobalSection(ExtensibilityGlobals) = postSolution
		SolutionGuid = {6CBF1337-C4BC-481E-8B67-7468181AEDBD}
	EndGlobalSection
EndGlobal
